# This file is automatically @generated by Cargo.
# It is not intended for manual editing.
version = 4

[[package]]
name = "positron"
version = "0.0.0"

[[package]]
name = "positron-api"
version = "0.0.0"

[[package]]
name = "positron-backup"
version = "0.0.0"

[[package]]
name = "positron-config"
version = "0.0.0"

[[package]]
name = "positron-diagnostics"
version = "0.0.0"

[[package]]
name = "positron-domain"
version = "0.0.0"

[[package]]
name = "positron-governance"
version = "0.0.0"

[[package]]
name = "positron-ingest"
version = "0.0.0"

[[package]]
name = "positron-kernel"
version = "0.0.0"

[[package]]
name = "positron-operator"
version = "0.0.0"

[[package]]
name = "positron-query"
version = "0.0.0"

[[package]]
name = "positron-release"
version = "0.0.0"

[[package]]
name = "positron-runtime"
version = "0.0.0"

[[package]]
name = "positron-signals"
version = "0.0.0"

[[package]]
name = "positron-upgrade"
version = "0.0.0"

[[package]]
name = "xtask"
version = "0.0.0"
